{
  "name": "labs-svelte",
  "version": "0.0.1",
  "lockfileVersion": 3,
  "requires": true,
  "packages": {
    "": {
      "name": "labs-svelte",
      "version": "0.0.1",
      "license": "MIT",
      "devDependencies": {
        "shadcn-svelte": "^1.4.2",
        "svelte": "^5.0.0"
      }
    },
    "../../../node_modules/svelte": {
      "version": "5.56.8",
      "dev": true,
      "license": "MIT",
      "dependencies": {
        "@jridgewell/remapping": "^2.3.4",
        "@jridgewell/sourcemap-codec": "^1.5.0",
        "@sveltejs/acorn-typescript": "^1.0.10",
        "@types/estree": "^1.0.5",
        "@types/trusted-types": "^2.0.7",
        "acorn": "^8.12.1",
        "aria-query": "5.3.1",
        "axobject-query": "^4.1.0",
        "clsx": "^2.1.1",
        "devalue": "^5.8.1",
        "esm-env": "^1.2.1",
        "esrap": "^2.2.12",
        "is-reference": "^3.0.3",
        "locate-character": "^3.0.0",
        "magic-string": "^0.30.11",
        "zimmerframe": "^1.1.2"
      },
      "devDependencies": {
        "@jridgewell/trace-mapping": "^0.3.25",
        "@playwright/test": "^1.60.0",
        "@rollup/plugin-commonjs": "^28.0.1",
        "@rollup/plugin-node-resolve": "^15.3.0",
        "@rollup/plugin-terser": "^0.4.4",
        "@rollup/plugin-virtual": "^3.0.2",
        "@types/aria-query": "^5.0.4",
        "@types/node": "^20.11.5",
        "baseline-browser-mapping": "^2.10.32",
        "dts-buddy": "^0.5.5",
        "esbuild": "^0.28.1",
        "rollup": "^4.59.0",
        "source-map": "^0.7.4",
        "tinyglobby": "^0.2.12",
        "typescript": "^5.5.4",
        "vitest": "^4.1.7",
        "web-features": "^3.29.0"
      },
      "engines": {
        "node": ">=18"
      }
    },
    "../../../node_modules/svelte/node_modules/aria-query": {
      "version": "5.3.1",
      "dev": true,
      "license": "Apache-2.0",
      "engines": {
        "node": ">= 0.4"
      }
    },
    "node_modules/commander": {
      "version": "14.0.3",
      "dev": true,
      "license": "MIT",
      "engines": {
        "node": ">=20"
      }
    },
    "node_modules/nanoid": {
      "version": "3.3.16",
      "dev": true,
      "funding": [
        {
          "type": "github",
          "url": "https://github.com/sponsors/ai"
        }
      ],
      "license": "MIT",
      "bin": {
        "nanoid": "bin/nanoid.cjs"
      },
      "engines": {
        "node": "^10 || ^12 || ^13.7 || ^14 || >=15.0.1"
      }
    },
    "node_modules/node-fetch-native": {
      "version": "1.6.7",
      "dev": true,
      "license": "MIT"
    },
    "node_modules/picocolors": {
      "version": "1.1.1",
      "dev": true,
      "license": "ISC"
    },
    "node_modules/postcss": {
      "version": "8.5.25",
      "dev": true,
      "funding": [
        {
          "type": "opencollective",
          "url": "https://opencollective.com/postcss/"
        },
        {
          "type": "tidelift",
          "url": "https://tidelift.com/funding/github/npm/postcss"
        },
        {
          "type": "github",
          "url": "https://github.com/sponsors/ai"
        }
      ],
      "license": "MIT",
      "dependencies": {
        "nanoid": "^3.3.16",
        "picocolors": "^1.1.1",
        "source-map-js": "^1.2.1"
      },
      "engines": {
        "node": "^10 || ^12 || >=14"
      }
    },
    "node_modules/shadcn-svelte": {
      "version": "1.4.2",
      "dev": true,
      "license": "MIT",
      "dependencies": {
        "commander": "^14.0.0",
        "node-fetch-native": "^1.6.4",
        "postcss": "^8.5.10",
        "tailwind-merge": "^3.0.0"
      },
      "bin": {
        "shadcn-svelte": "dist/index.mjs"
      },
      "peerDependencies": {
        "svelte": "^5.0.0"
      }
    },
    "node_modules/source-map-js": {
      "version": "1.2.1",
      "dev": true,
      "license": "BSD-3-Clause",
      "engines": {
        "node": ">=0.10.0"
      }
    },
    "node_modules/svelte": {
      "resolved": "../../../node_modules/svelte",
      "link": true
    },
    "node_modules/tailwind-merge": {
      "version": "3.6.0",
      "dev": true,
      "license": "MIT",
      "funding": {
        "type": "github",
        "url": "https://github.com/sponsors/dcastil"
      }
    }
  }
}
