{
  "name": "labs-svelte",
  "version": "0.0.1",
  "lockfileVersion": 3,
  "requires": true,
  "packages": {
    "": {
      "name": "labs-svelte",
      "version": "0.0.1",
      "license": "MIT",
      "dependencies": {
        "@lucide/svelte": "^0.542.0",
        "bits-ui": "^1.0.0",
        "class-variance-authority": "^0.7.1",
        "clsx": "^2.1.1",
        "tailwind-merge": "^3.5.0"
      },
      "devDependencies": {
        "shadcn-svelte": "^1.4.2",
        "svelte": "^5.11.0"
      }
    },
    "../../../node_modules/svelte": {
      "version": "5.56.8",
      "dev": true,
      "license": "MIT",
      "dependencies": {
        "@jridgewell/remapping": "^2.3.4",
        "@jridgewell/sourcemap-codec": "^1.5.0",
        "@sveltejs/acorn-typescript": "^1.0.10",
        "@types/estree": "^1.0.5",
        "@types/trusted-types": "^2.0.7",
        "acorn": "^8.12.1",
        "aria-query": "5.3.1",
        "axobject-query": "^4.1.0",
        "clsx": "^2.1.1",
        "devalue": "^5.8.1",
        "esm-env": "^1.2.1",
        "esrap": "^2.2.12",
        "is-reference": "^3.0.3",
        "locate-character": "^3.0.0",
        "magic-string": "^0.30.11",
        "zimmerframe": "^1.1.2"
      },
      "devDependencies": {
        "@jridgewell/trace-mapping": "^0.3.25",
        "@playwright/test": "^1.60.0",
        "@rollup/plugin-commonjs": "^28.0.1",
        "@rollup/plugin-node-resolve": "^15.3.0",
        "@rollup/plugin-terser": "^0.4.4",
        "@rollup/plugin-virtual": "^3.0.2",
        "@types/aria-query": "^5.0.4",
        "@types/node": "^20.11.5",
        "baseline-browser-mapping": "^2.10.32",
        "dts-buddy": "^0.5.5",
        "esbuild": "^0.28.1",
        "rollup": "^4.59.0",
        "source-map": "^0.7.4",
        "tinyglobby": "^0.2.12",
        "typescript": "^5.5.4",
        "vitest": "^4.1.7",
        "web-features": "^3.29.0"
      },
      "engines": {
        "node": ">=18"
      }
    },
    "../../../node_modules/svelte/node_modules/aria-query": {
      "version": "5.3.1",
      "dev": true,
      "license": "Apache-2.0",
      "engines": {
        "node": ">= 0.4"
      }
    },
    "node_modules/@floating-ui/core": {
      "version": "1.8.0",
      "resolved": "https://registry.npmjs.org/@floating-ui/core/-/core-1.8.0.tgz",
      "integrity": "sha512-0CIZ5itps/8x7BG8dEIhs53BvCUH2PCoogtakwRTut+Arm58sJooJ0AuZhLw2HJYIR5cMLNPBSS728sPho2khQ==",
      "license": "MIT",
      "dependencies": {
        "@floating-ui/utils": "^0.2.12"
      }
    },
    "node_modules/@floating-ui/dom": {
      "version": "1.8.0",
      "resolved": "https://registry.npmjs.org/@floating-ui/dom/-/dom-1.8.0.tgz",
      "integrity": "sha512-yXSrzeHZBTZadLOlfyhCkJHNeLJnHRnRInwdZ40L7ZiaAtrBwoYlsDrX3v5zB1Utk7CLfzcOVnVVWoXEky7Ceg==",
      "license": "MIT",
      "dependencies": {
        "@floating-ui/core": "^1.8.0",
        "@floating-ui/utils": "^0.2.12"
      }
    },
    "node_modules/@floating-ui/utils": {
      "version": "0.2.12",
      "resolved": "https://registry.npmjs.org/@floating-ui/utils/-/utils-0.2.12.tgz",
      "integrity": "sha512-HpCo8tmWzLVad5s2d19EhAz5zqrrQ6s69qd6moPMQvkOuSwDT1YgRfWSVuc4ennqrgv3OHppiOGMQ7oC13yIww==",
      "license": "MIT"
    },
    "node_modules/@internationalized/date": {
      "version": "3.12.2",
      "resolved": "https://registry.npmjs.org/@internationalized/date/-/date-3.12.2.tgz",
      "integrity": "sha512-FY1Y+H64NDs+HAF6omlnWxm3mEpfgaCSWtL5l551ZZfImA+kGjPFgrnJrGjH6lfmLL0g8Z/mBu1R3kufeCp6Jw==",
      "license": "Apache-2.0",
      "dependencies": {
        "@swc/helpers": "^0.5.0"
      }
    },
    "node_modules/@lucide/svelte": {
      "version": "0.542.0",
      "resolved": "https://registry.npmjs.org/@lucide/svelte/-/svelte-0.542.0.tgz",
      "integrity": "sha512-NuWttxTVfMSURpOxcKiKvoCtma3JtEpcJWzF/0cO69saZfXlv6G8NYAvEEGLmk75YPl+I+ROe+F97WhddM8r2A==",
      "license": "ISC",
      "peerDependencies": {
        "svelte": "^5"
      }
    },
    "node_modules/@swc/helpers": {
      "version": "0.5.23",
      "resolved": "https://registry.npmjs.org/@swc/helpers/-/helpers-0.5.23.tgz",
      "integrity": "sha512-5lSsMOTXURePglDfvuAQUqkGek9Hg2kksOYay2m0+XR++b2NWYL/4sWyuvVBIs8oKnJaxkdi9whaL/sqN13afw==",
      "license": "Apache-2.0",
      "dependencies": {
        "tslib": "^2.8.0"
      }
    },
    "node_modules/bits-ui": {
      "version": "1.8.0",
      "resolved": "https://registry.npmjs.org/bits-ui/-/bits-ui-1.8.0.tgz",
      "integrity": "sha512-CXD6Orp7l8QevNDcRPLXc/b8iMVgxDWT2LyTwsdLzJKh9CxesOmPuNePSPqAxKoT59FIdU4aFPS1k7eBdbaCxg==",
      "license": "MIT",
      "dependencies": {
        "@floating-ui/core": "^1.6.4",
        "@floating-ui/dom": "^1.6.7",
        "@internationalized/date": "^3.5.6",
        "css.escape": "^1.5.1",
        "esm-env": "^1.1.2",
        "runed": "^0.23.2",
        "svelte-toolbelt": "^0.7.1",
        "tabbable": "^6.2.0"
      },
      "engines": {
        "node": ">=18",
        "pnpm": ">=8.7.0"
      },
      "funding": {
        "url": "https://github.com/sponsors/huntabyte"
      },
      "peerDependencies": {
        "svelte": "^5.11.0"
      }
    },
    "node_modules/class-variance-authority": {
      "version": "0.7.1",
      "resolved": "https://registry.npmjs.org/class-variance-authority/-/class-variance-authority-0.7.1.tgz",
      "integrity": "sha512-Ka+9Trutv7G8M6WT6SeiRWz792K5qEqIGEGzXKhAE6xOWAY6pPH8U+9IY3oCMv6kqTmLsv7Xh/2w2RigkePMsg==",
      "license": "Apache-2.0",
      "dependencies": {
        "clsx": "^2.1.1"
      },
      "funding": {
        "url": "https://polar.sh/cva"
      }
    },
    "node_modules/clsx": {
      "version": "2.1.1",
      "resolved": "https://registry.npmjs.org/clsx/-/clsx-2.1.1.tgz",
      "integrity": "sha512-eYm0QWBtUrBWZWG0d386OGAw16Z995PiOVo2B7bjWSbHedGl5e0ZWaq65kOGgUSNesEIDkB9ISbTg/JK9dhCZA==",
      "license": "MIT",
      "engines": {
        "node": ">=6"
      }
    },
    "node_modules/commander": {
      "version": "14.0.3",
      "dev": true,
      "license": "MIT",
      "engines": {
        "node": ">=20"
      }
    },
    "node_modules/css.escape": {
      "version": "1.5.1",
      "resolved": "https://registry.npmjs.org/css.escape/-/css.escape-1.5.1.tgz",
      "integrity": "sha512-YUifsXXuknHlUsmlgyY0PKzgPOr7/FjCePfHNt0jxm83wHZi44VDMQ7/fGNkjY3/jV1MC+1CmZbaHzugyeRtpg==",
      "license": "MIT"
    },
    "node_modules/esm-env": {
      "version": "1.2.2",
      "resolved": "https://registry.npmjs.org/esm-env/-/esm-env-1.2.2.tgz",
      "integrity": "sha512-Epxrv+Nr/CaL4ZcFGPJIYLWFom+YeV1DqMLHJoEd9SYRxNbaFruBwfEX/kkHUJf55j2+TUbmDcmuilbP1TmXHA==",
      "license": "MIT"
    },
    "node_modules/inline-style-parser": {
      "version": "0.2.7",
      "resolved": "https://registry.npmjs.org/inline-style-parser/-/inline-style-parser-0.2.7.tgz",
      "integrity": "sha512-Nb2ctOyNR8DqQoR0OwRG95uNWIC0C1lCgf5Naz5H6Ji72KZ8OcFZLz2P5sNgwlyoJ8Yif11oMuYs5pBQa86csA==",
      "license": "MIT"
    },
    "node_modules/nanoid": {
      "version": "3.3.16",
      "dev": true,
      "funding": [
        {
          "type": "github",
          "url": "https://github.com/sponsors/ai"
        }
      ],
      "license": "MIT",
      "bin": {
        "nanoid": "bin/nanoid.cjs"
      },
      "engines": {
        "node": "^10 || ^12 || ^13.7 || ^14 || >=15.0.1"
      }
    },
    "node_modules/node-fetch-native": {
      "version": "1.6.7",
      "dev": true,
      "license": "MIT"
    },
    "node_modules/picocolors": {
      "version": "1.1.1",
      "dev": true,
      "license": "ISC"
    },
    "node_modules/postcss": {
      "version": "8.5.25",
      "dev": true,
      "funding": [
        {
          "type": "opencollective",
          "url": "https://opencollective.com/postcss/"
        },
        {
          "type": "tidelift",
          "url": "https://tidelift.com/funding/github/npm/postcss"
        },
        {
          "type": "github",
          "url": "https://github.com/sponsors/ai"
        }
      ],
      "license": "MIT",
      "dependencies": {
        "nanoid": "^3.3.16",
        "picocolors": "^1.1.1",
        "source-map-js": "^1.2.1"
      },
      "engines": {
        "node": "^10 || ^12 || >=14"
      }
    },
    "node_modules/runed": {
      "version": "0.23.4",
      "resolved": "https://registry.npmjs.org/runed/-/runed-0.23.4.tgz",
      "integrity": "sha512-9q8oUiBYeXIDLWNK5DfCWlkL0EW3oGbk845VdKlPeia28l751VpfesaB/+7pI6rnbx1I6rqoZ2fZxptOJLxILA==",
      "funding": [
        "https://github.com/sponsors/huntabyte",
        "https://github.com/sponsors/tglide"
      ],
      "dependencies": {
        "esm-env": "^1.0.0"
      },
      "peerDependencies": {
        "svelte": "^5.7.0"
      }
    },
    "node_modules/shadcn-svelte": {
      "version": "1.4.2",
      "dev": true,
      "license": "MIT",
      "dependencies": {
        "commander": "^14.0.0",
        "node-fetch-native": "^1.6.4",
        "postcss": "^8.5.10",
        "tailwind-merge": "^3.0.0"
      },
      "bin": {
        "shadcn-svelte": "dist/index.mjs"
      },
      "peerDependencies": {
        "svelte": "^5.0.0"
      }
    },
    "node_modules/source-map-js": {
      "version": "1.2.1",
      "dev": true,
      "license": "BSD-3-Clause",
      "engines": {
        "node": ">=0.10.0"
      }
    },
    "node_modules/style-to-object": {
      "version": "1.0.14",
      "resolved": "https://registry.npmjs.org/style-to-object/-/style-to-object-1.0.14.tgz",
      "integrity": "sha512-LIN7rULI0jBscWQYaSswptyderlarFkjQ+t79nzty8tcIAceVomEVlLzH5VP4Cmsv6MtKhs7qaAiwlcp+Mgaxw==",
      "license": "MIT",
      "dependencies": {
        "inline-style-parser": "0.2.7"
      }
    },
    "node_modules/svelte": {
      "resolved": "../../../node_modules/svelte",
      "link": true
    },
    "node_modules/svelte-toolbelt": {
      "version": "0.7.1",
      "resolved": "https://registry.npmjs.org/svelte-toolbelt/-/svelte-toolbelt-0.7.1.tgz",
      "integrity": "sha512-HcBOcR17Vx9bjaOceUvxkY3nGmbBmCBBbuWLLEWO6jtmWH8f/QoWmbyUfQZrpDINH39en1b8mptfPQT9VKQ1xQ==",
      "funding": [
        "https://github.com/sponsors/huntabyte"
      ],
      "dependencies": {
        "clsx": "^2.1.1",
        "runed": "^0.23.2",
        "style-to-object": "^1.0.8"
      },
      "engines": {
        "node": ">=18",
        "pnpm": ">=8.7.0"
      },
      "peerDependencies": {
        "svelte": "^5.0.0"
      }
    },
    "node_modules/tabbable": {
      "version": "6.5.0",
      "resolved": "https://registry.npmjs.org/tabbable/-/tabbable-6.5.0.tgz",
      "integrity": "sha512-wieBHXygIm7OyQOu5hQlkk62/WyCFYGlWg7L6/ZCUZwx0o398Zkn4pVmMyfYhfMG8kGrj/Krt8eIk6UKC6VzwA==",
      "license": "MIT"
    },
    "node_modules/tailwind-merge": {
      "version": "3.6.0",
      "license": "MIT",
      "funding": {
        "type": "github",
        "url": "https://github.com/sponsors/dcastil"
      }
    },
    "node_modules/tslib": {
      "version": "2.8.1",
      "resolved": "https://registry.npmjs.org/tslib/-/tslib-2.8.1.tgz",
      "integrity": "sha512-oJFu94HQb+KVduSUQL7wnpmqnfmLsOA/nAh6b6EH0wCEoK0/mPeXU6c3wKDV83MkOuHPRHtSXKKU99IBazS/2w==",
      "license": "0BSD"
    }
  }
}
